
Microsoft Visual Studio Solution File, Format Version 12.00
# Visual Studio 15
VisualStudioVersion = 15.0.26430.4
MinimumVisualStudioVersion = 10.0.40219.1
Project("{FAE04EC0-301F-11D3-BF4B-00C04F79EFBC}") = "SCAPI.Portable", "SCAPI\SCAPI.Portable.csproj", "{174CC4D2-233D-4C5C-90D5-866B41BDCAD9}"
EndProject
Project("{9A19103F-16F7-4668-BE54-9A1E7A4F7556}") = "SCAPI.Portable.Tests", "SCAPI.Portable.Tests\SCAPI.Portable.Tests.csproj", "{5A93DB64-06DA-4988-9CC0-0AEFC93C154D}"
EndProject
Project("{FAE04EC0-301F-11D3-BF4B-00C04F79EFBC}") = "SCAPI.Nuget", "SCAPI.Nuget\SCAPI.Nuget.csproj", "{0451BAEF-DF2E-4B98-8644-94EE9415E389}"
EndProject
Project("{2150E333-8FDC-42A3-9474-1A3956D46DE8}") = "Solution Items", "Solution Items", "{F31906DA-7750-43DA-BB97-EC36D7F29B2A}"
	ProjectSection(SolutionItems) = preProject
		cloud.png = cloud.png
		README.md = README.md
	EndProjectSection
EndProject
Project("{FAE04EC0-301F-11D3-BF4B-00C04F79EFBC}") = "SCAPI.Portable.TestApp", "SCAPI.Portable.TestApp\SCAPI.Portable.TestApp.csproj", "{51F6C106-5705-41D3-BD89-A7D3D3B6062D}"
EndProject
Global
	GlobalSection(SolutionConfigurationPlatforms) = preSolution
		Debug|Any CPU = Debug|Any CPU
		Debug|ARM = Debug|ARM
		Debug|iPhone = Debug|iPhone
		Debug|iPhoneSimulator = Debug|iPhoneSimulator
		Debug|x64 = Debug|x64
		Debug|x86 = Debug|x86
		Release|Any CPU = Release|Any CPU
		Release|ARM = Release|ARM
		Release|iPhone = Release|iPhone
		Release|iPhoneSimulator = Release|iPhoneSimulator
		Release|x64 = Release|x64
		Release|x86 = Release|x86
	EndGlobalSection
	GlobalSection(ProjectConfigurationPlatforms) = postSolution
		{174CC4D2-233D-4C5C-90D5-866B41BDCAD9}.Debug|Any CPU.ActiveCfg = Debug|Any CPU
		{174CC4D2-233D-4C5C-90D5-866B41BDCAD9}.Debug|Any CPU.Build.0 = Debug|Any CPU
		{174CC4D2-233D-4C5C-90D5-866B41BDCAD9}.Debug|ARM.ActiveCfg = Debug|Any CPU
		{174CC4D2-233D-4C5C-90D5-866B41BDCAD9}.Debug|ARM.Build.0 = Debug|Any CPU
		{174CC4D2-233D-4C5C-90D5-866B41BDCAD9}.Debug|iPhone.ActiveCfg = Debug|Any CPU
		{174CC4D2-233D-4C5C-90D5-866B41BDCAD9}.Debug|iPhone.Build.0 = Debug|Any CPU
		{174CC4D2-233D-4C5C-90D5-866B41BDCAD9}.Debug|iPhoneSimulator.ActiveCfg = Debug|Any CPU
		{174CC4D2-233D-4C5C-90D5-866B41BDCAD9}.Debug|iPhoneSimulator.Build.0 = Debug|Any CPU
		{174CC4D2-233D-4C5C-90D5-866B41BDCAD9}.Debug|x64.ActiveCfg = Debug|Any CPU
		{174CC4D2-233D-4C5C-90D5-866B41BDCAD9}.Debug|x64.Build.0 = Debug|Any CPU
		{174CC4D2-233D-4C5C-90D5-866B41BDCAD9}.Debug|x86.ActiveCfg = Debug|Any CPU
		{174CC4D2-233D-4C5C-90D5-866B41BDCAD9}.Debug|x86.Build.0 = Debug|Any CPU
		{174CC4D2-233D-4C5C-90D5-866B41BDCAD9}.Release|Any CPU.ActiveCfg = Release|Any CPU
		{174CC4D2-233D-4C5C-90D5-866B41BDCAD9}.Release|Any CPU.Build.0 = Release|Any CPU
		{174CC4D2-233D-4C5C-90D5-866B41BDCAD9}.Release|ARM.ActiveCfg = Release|Any CPU
		{174CC4D2-233D-4C5C-90D5-866B41BDCAD9}.Release|ARM.Build.0 = Release|Any CPU
		{174CC4D2-233D-4C5C-90D5-866B41BDCAD9}.Release|iPhone.ActiveCfg = Release|Any CPU
		{174CC4D2-233D-4C5C-90D5-866B41BDCAD9}.Release|iPhone.Build.0 = Release|Any CPU
		{174CC4D2-233D-4C5C-90D5-866B41BDCAD9}.Release|iPhoneSimulator.ActiveCfg = Release|Any CPU
		{174CC4D2-233D-4C5C-90D5-866B41BDCAD9}.Release|iPhoneSimulator.Build.0 = Release|Any CPU
		{174CC4D2-233D-4C5C-90D5-866B41BDCAD9}.Release|x64.ActiveCfg = Release|Any CPU
		{174CC4D2-233D-4C5C-90D5-866B41BDCAD9}.Release|x64.Build.0 = Release|Any CPU
		{174CC4D2-233D-4C5C-90D5-866B41BDCAD9}.Release|x86.ActiveCfg = Release|Any CPU
		{174CC4D2-233D-4C5C-90D5-866B41BDCAD9}.Release|x86.Build.0 = Release|Any CPU
		{5A93DB64-06DA-4988-9CC0-0AEFC93C154D}.Debug|Any CPU.ActiveCfg = Debug|Any CPU
		{5A93DB64-06DA-4988-9CC0-0AEFC93C154D}.Debug|Any CPU.Build.0 = Debug|Any CPU
		{5A93DB64-06DA-4988-9CC0-0AEFC93C154D}.Debug|ARM.ActiveCfg = Debug|Any CPU
		{5A93DB64-06DA-4988-9CC0-0AEFC93C154D}.Debug|ARM.Build.0 = Debug|Any CPU
		{5A93DB64-06DA-4988-9CC0-0AEFC93C154D}.Debug|iPhone.ActiveCfg = Debug|Any CPU
		{5A93DB64-06DA-4988-9CC0-0AEFC93C154D}.Debug|iPhone.Build.0 = Debug|Any CPU
		{5A93DB64-06DA-4988-9CC0-0AEFC93C154D}.Debug|iPhoneSimulator.ActiveCfg = Debug|Any CPU
		{5A93DB64-06DA-4988-9CC0-0AEFC93C154D}.Debug|iPhoneSimulator.Build.0 = Debug|Any CPU
		{5A93DB64-06DA-4988-9CC0-0AEFC93C154D}.Debug|x64.ActiveCfg = Debug|Any CPU
		{5A93DB64-06DA-4988-9CC0-0AEFC93C154D}.Debug|x64.Build.0 = Debug|Any CPU
		{5A93DB64-06DA-4988-9CC0-0AEFC93C154D}.Debug|x86.ActiveCfg = Debug|Any CPU
		{5A93DB64-06DA-4988-9CC0-0AEFC93C154D}.Debug|x86.Build.0 = Debug|Any CPU
		{5A93DB64-06DA-4988-9CC0-0AEFC93C154D}.Release|Any CPU.ActiveCfg = Release|Any CPU
		{5A93DB64-06DA-4988-9CC0-0AEFC93C154D}.Release|Any CPU.Build.0 = Release|Any CPU
		{5A93DB64-06DA-4988-9CC0-0AEFC93C154D}.Release|ARM.ActiveCfg = Release|Any CPU
		{5A93DB64-06DA-4988-9CC0-0AEFC93C154D}.Release|ARM.Build.0 = Release|Any CPU
		{5A93DB64-06DA-4988-9CC0-0AEFC93C154D}.Release|iPhone.ActiveCfg = Release|Any CPU
		{5A93DB64-06DA-4988-9CC0-0AEFC93C154D}.Release|iPhone.Build.0 = Release|Any CPU
		{5A93DB64-06DA-4988-9CC0-0AEFC93C154D}.Release|iPhoneSimulator.ActiveCfg = Release|Any CPU
		{5A93DB64-06DA-4988-9CC0-0AEFC93C154D}.Release|iPhoneSimulator.Build.0 = Release|Any CPU
		{5A93DB64-06DA-4988-9CC0-0AEFC93C154D}.Release|x64.ActiveCfg = Release|Any CPU
		{5A93DB64-06DA-4988-9CC0-0AEFC93C154D}.Release|x64.Build.0 = Release|Any CPU
		{5A93DB64-06DA-4988-9CC0-0AEFC93C154D}.Release|x86.ActiveCfg = Release|Any CPU
		{5A93DB64-06DA-4988-9CC0-0AEFC93C154D}.Release|x86.Build.0 = Release|Any CPU
		{0451BAEF-DF2E-4B98-8644-94EE9415E389}.Debug|Any CPU.ActiveCfg = Debug|Any CPU
		{0451BAEF-DF2E-4B98-8644-94EE9415E389}.Debug|Any CPU.Build.0 = Debug|Any CPU
		{0451BAEF-DF2E-4B98-8644-94EE9415E389}.Debug|ARM.ActiveCfg = Debug|Any CPU
		{0451BAEF-DF2E-4B98-8644-94EE9415E389}.Debug|ARM.Build.0 = Debug|Any CPU
		{0451BAEF-DF2E-4B98-8644-94EE9415E389}.Debug|iPhone.ActiveCfg = Debug|Any CPU
		{0451BAEF-DF2E-4B98-8644-94EE9415E389}.Debug|iPhone.Build.0 = Debug|Any CPU
		{0451BAEF-DF2E-4B98-8644-94EE9415E389}.Debug|iPhoneSimulator.ActiveCfg = Debug|Any CPU
		{0451BAEF-DF2E-4B98-8644-94EE9415E389}.Debug|iPhoneSimulator.Build.0 = Debug|Any CPU
		{0451BAEF-DF2E-4B98-8644-94EE9415E389}.Debug|x64.ActiveCfg = Debug|Any CPU
		{0451BAEF-DF2E-4B98-8644-94EE9415E389}.Debug|x64.Build.0 = Debug|Any CPU
		{0451BAEF-DF2E-4B98-8644-94EE9415E389}.Debug|x86.ActiveCfg = Debug|Any CPU
		{0451BAEF-DF2E-4B98-8644-94EE9415E389}.Debug|x86.Build.0 = Debug|Any CPU
		{0451BAEF-DF2E-4B98-8644-94EE9415E389}.Release|Any CPU.ActiveCfg = Release|Any CPU
		{0451BAEF-DF2E-4B98-8644-94EE9415E389}.Release|Any CPU.Build.0 = Release|Any CPU
		{0451BAEF-DF2E-4B98-8644-94EE9415E389}.Release|ARM.ActiveCfg = Release|Any CPU
		{0451BAEF-DF2E-4B98-8644-94EE9415E389}.Release|ARM.Build.0 = Release|Any CPU
		{0451BAEF-DF2E-4B98-8644-94EE9415E389}.Release|iPhone.ActiveCfg = Release|Any CPU
		{0451BAEF-DF2E-4B98-8644-94EE9415E389}.Release|iPhone.Build.0 = Release|Any CPU
		{0451BAEF-DF2E-4B98-8644-94EE9415E389}.Release|iPhoneSimulator.ActiveCfg = Release|Any CPU
		{0451BAEF-DF2E-4B98-8644-94EE9415E389}.Release|iPhoneSimulator.Build.0 = Release|Any CPU
		{0451BAEF-DF2E-4B98-8644-94EE9415E389}.Release|x64.ActiveCfg = Release|Any CPU
		{0451BAEF-DF2E-4B98-8644-94EE9415E389}.Release|x64.Build.0 = Release|Any CPU
		{0451BAEF-DF2E-4B98-8644-94EE9415E389}.Release|x86.ActiveCfg = Release|Any CPU
		{0451BAEF-DF2E-4B98-8644-94EE9415E389}.Release|x86.Build.0 = Release|Any CPU
		{51F6C106-5705-41D3-BD89-A7D3D3B6062D}.Debug|Any CPU.ActiveCfg = Debug|x86
		{51F6C106-5705-41D3-BD89-A7D3D3B6062D}.Debug|ARM.ActiveCfg = Debug|ARM
		{51F6C106-5705-41D3-BD89-A7D3D3B6062D}.Debug|ARM.Build.0 = Debug|ARM
		{51F6C106-5705-41D3-BD89-A7D3D3B6062D}.Debug|ARM.Deploy.0 = Debug|ARM
		{51F6C106-5705-41D3-BD89-A7D3D3B6062D}.Debug|iPhone.ActiveCfg = Debug|x86
		{51F6C106-5705-41D3-BD89-A7D3D3B6062D}.Debug|iPhoneSimulator.ActiveCfg = Debug|x86
		{51F6C106-5705-41D3-BD89-A7D3D3B6062D}.Debug|x64.ActiveCfg = Debug|x64
		{51F6C106-5705-41D3-BD89-A7D3D3B6062D}.Debug|x64.Build.0 = Debug|x64
		{51F6C106-5705-41D3-BD89-A7D3D3B6062D}.Debug|x64.Deploy.0 = Debug|x64
		{51F6C106-5705-41D3-BD89-A7D3D3B6062D}.Debug|x86.ActiveCfg = Debug|x86
		{51F6C106-5705-41D3-BD89-A7D3D3B6062D}.Debug|x86.Build.0 = Debug|x86
		{51F6C106-5705-41D3-BD89-A7D3D3B6062D}.Debug|x86.Deploy.0 = Debug|x86
		{51F6C106-5705-41D3-BD89-A7D3D3B6062D}.Release|Any CPU.ActiveCfg = Release|x86
		{51F6C106-5705-41D3-BD89-A7D3D3B6062D}.Release|ARM.ActiveCfg = Release|ARM
		{51F6C106-5705-41D3-BD89-A7D3D3B6062D}.Release|ARM.Build.0 = Release|ARM
		{51F6C106-5705-41D3-BD89-A7D3D3B6062D}.Release|ARM.Deploy.0 = Release|ARM
		{51F6C106-5705-41D3-BD89-A7D3D3B6062D}.Release|iPhone.ActiveCfg = Release|x86
		{51F6C106-5705-41D3-BD89-A7D3D3B6062D}.Release|iPhoneSimulator.ActiveCfg = Release|x86
		{51F6C106-5705-41D3-BD89-A7D3D3B6062D}.Release|x64.ActiveCfg = Release|x64
		{51F6C106-5705-41D3-BD89-A7D3D3B6062D}.Release|x64.Build.0 = Release|x64
		{51F6C106-5705-41D3-BD89-A7D3D3B6062D}.Release|x64.Deploy.0 = Release|x64
		{51F6C106-5705-41D3-BD89-A7D3D3B6062D}.Release|x86.ActiveCfg = Release|x86
		{51F6C106-5705-41D3-BD89-A7D3D3B6062D}.Release|x86.Build.0 = Release|x86
		{51F6C106-5705-41D3-BD89-A7D3D3B6062D}.Release|x86.Deploy.0 = Release|x86
	EndGlobalSection
	GlobalSection(SolutionProperties) = preSolution
		HideSolutionNode = FALSE
	EndGlobalSection
EndGlobal
